
Microsoft Visual Studio Solution File, Format Version 12.00
# Visual Studio Version 17
VisualStudioVersion = 17.9.34622.214
MinimumVisualStudioVersion = 10.0.40219.1
Project("{9A19103F-16F7-4668-BE54-9A1E7A4F7556}") = "Code_First", "..\Code_First\Code_First\Code_First.csproj", "{E81A4C5B-9D3C-46F0-82B3-404624FF3C26}"
EndProject
Project("{9A19103F-16F7-4668-BE54-9A1E7A4F7556}") = "DbFirst", "..\DbFirst\DbFirst\DbFirst.csproj", "{7228704B-B4E3-4EE4-9246-01F91CD48074}"
EndProject
Project("{9A19103F-16F7-4668-BE54-9A1E7A4F7556}") = "Lesson1", "Lesson1\Lesson1.csproj", "{6A30AFA2-E4B1-4BF3-AEC5-C1BF42308AF6}"
EndProject
Project("{9A19103F-16F7-4668-BE54-9A1E7A4F7556}") = "DataQuery", "DataQuery\DataQuery.csproj", "{8116CCD9-AA68-4D7D-A64E-CAFC316621FE}"
EndProject
Project("{9A19103F-16F7-4668-BE54-9A1E7A4F7556}") = "ChangeTracker", "ChangeTracker\ChangeTracker.csproj", "{978FF867-7321-409B-B458-B389B7646D82}"
EndProject
Project("{9A19103F-16F7-4668-BE54-9A1E7A4F7556}") = "Tracking", "Tracking\Tracking.csproj", "{84716C56-5B7D-4CAF-8B88-CE9FB0B08B6C}"
EndProject
Project("{9A19103F-16F7-4668-BE54-9A1E7A4F7556}") = "Relationships", "Relationships\Relationships.csproj", "{3583A1FD-2C96-4415-B8B7-4DB75EFCB3B6}"
EndProject
Project("{9A19103F-16F7-4668-BE54-9A1E7A4F7556}") = "One_to_One_Relationship", "One_to_One_Relationship\One_to_One_Relationship.csproj", "{35F17FBC-BB88-4846-88C5-D2924566001E}"
EndProject
Project("{9A19103F-16F7-4668-BE54-9A1E7A4F7556}") = "One_to_Many_Relationship", "One_to_Many_Relationship\One_to_Many_Relationship.csproj", "{731AD81E-3304-4B56-803B-3BEEBCF748DE}"
EndProject
Project("{9A19103F-16F7-4668-BE54-9A1E7A4F7556}") = "Many_to_Many_Relationship", "Many_to_Many_Relationship\Many_to_Many_Relationship.csproj", "{BE22EEEF-94A7-40D4-9BE3-54453643E97E}"
EndProject
Project("{9A19103F-16F7-4668-BE54-9A1E7A4F7556}") = "Saving_Related_Data", "Saving_Related_Data\Saving_Related_Data.csproj", "{B1DC9C23-2D2B-4730-9EB3-AAEF2282BCDB}"
EndProject
Project("{9A19103F-16F7-4668-BE54-9A1E7A4F7556}") = "Updating_Related_Data", "Updating_Related_Data\Updating_Related_Data.csproj", "{5C70F117-15D0-4EE2-BF13-A8661374567E}"
EndProject
Project("{9A19103F-16F7-4668-BE54-9A1E7A4F7556}") = "Deleting_Related_Data", "Deleting_Related_Data\Deleting_Related_Data.csproj", "{8FD4A73A-2574-462E-92D6-8A7A0E330A70}"
EndProject
Project("{9A19103F-16F7-4668-BE54-9A1E7A4F7556}") = "BackingFields", "BackingFields\BackingFields.csproj", "{B15817F3-B811-41CD-9F6F-BB5E90A4E1AB}"
EndProject
Project("{9A19103F-16F7-4668-BE54-9A1E7A4F7556}") = "ShadowProperty", "ShadowProperty\ShadowProperty.csproj", "{FF176355-D9E1-4A82-B78C-AFD8C46D3CBA}"
EndProject
Project("{9A19103F-16F7-4668-BE54-9A1E7A4F7556}") = "EF_Core_Configuration", "EF_Core_Configuration\EF_Core_Configuration.csproj", "{44CCBC2C-0765-4589-A96A-3B275EAE380B}"
EndProject
Project("{9A19103F-16F7-4668-BE54-9A1E7A4F7556}") = "Example", "Example\Example.csproj", "{7E43DA74-882D-4DD1-A3E2-DDC7157160B8}"
EndProject
Project("{9A19103F-16F7-4668-BE54-9A1E7A4F7556}") = "Generated_Values", "Generated_Values\Generated_Values.csproj", "{C5F18BC0-F0F8-4281-9964-CA52F2AC8C6C}"
EndProject
Project("{9A19103F-16F7-4668-BE54-9A1E7A4F7556}") = "Separate_Configuration_Classes", "Separate_Configuration_Classes\Separate_Configuration_Classes.csproj", "{993329B0-2C62-4B83-A430-10119B5C9B88}"
EndProject
Project("{9A19103F-16F7-4668-BE54-9A1E7A4F7556}") = "Data Seeding", "Data Seeding\Data Seeding.csproj", "{1AFCB78D-DF2C-4D04-95DB-49AE2E1C9470}"
EndProject
Project("{9A19103F-16F7-4668-BE54-9A1E7A4F7556}") = "Inheritance_Table_Per_Hierarchy", "Inheritance_Table_Per_Hierarchy,\Inheritance_Table_Per_Hierarchy.csproj", "{6F842390-29E2-4E1E-85C1-671BD8F40A00}"
EndProject
Project("{9A19103F-16F7-4668-BE54-9A1E7A4F7556}") = "Inheritance_Table_Per_Type", "Inheritance_Table_Per_Type\Inheritance_Table_Per_Type.csproj", "{972202B5-5BC8-48DC-8C80-0A3C5F082029}"
EndProject
Project("{9A19103F-16F7-4668-BE54-9A1E7A4F7556}") = "Inheritance_Table_Per_Concrete_Type", "Inheritance_Table_Per_Concrete_Type\Inheritance_Table_Per_Concrete_Type.csproj", "{641ACF48-F4D2-4810-BC2E-2738E34F43CE}"
EndProject
Project("{2150E333-8FDC-42A3-9474-1A3956D46DE8}") = "Solution Items", "Solution Items", "{5A71332C-623B-4CB7-BA7D-F30CB0DA952A}"
	ProjectSection(SolutionItems) = preProject
		SqlConnection.txt = SqlConnection.txt
		TextFile1.txt = TextFile1.txt
	EndProjectSection
EndProject
Project("{9A19103F-16F7-4668-BE54-9A1E7A4F7556}") = "Constraints", "Constraints\Constraints.csproj", "{02FBBB78-D456-407A-BDFA-3AE37829C3D9}"
EndProject
Project("{9A19103F-16F7-4668-BE54-9A1E7A4F7556}") = "Indexes", "Indexes\Indexes.csproj", "{FCE0361A-F8DD-4351-A1F1-C76BF106A64C}"
EndProject
Project("{9A19103F-16F7-4668-BE54-9A1E7A4F7556}") = "Sequences", "Sequences\Sequences.csproj", "{D33B1B60-C44D-424A-B127-A97A8CB985DC}"
EndProject
Project("{9A19103F-16F7-4668-BE54-9A1E7A4F7556}") = "Loading_Related_Data", "Loading_Related_Data\Loading_Related_Data.csproj", "{02FCA16A-13DB-40B3-A30A-ED98087CB220}"
EndProject
Project("{9A19103F-16F7-4668-BE54-9A1E7A4F7556}") = "Explicit_Loading", "Explicit_Loading\Explicit_Loading.csproj", "{E9C4C4A4-8655-4BD3-8BDE-0268D8311A1F}"
EndProject
Project("{9A19103F-16F7-4668-BE54-9A1E7A4F7556}") = "Lazy_Loading", "Lazy_Loading\Lazy_Loading.csproj", "{2FA94E33-FB93-43D4-B35B-E255FC473FC1}"
EndProject
Project("{9A19103F-16F7-4668-BE54-9A1E7A4F7556}") = "Complex_Relational_Queries", "Comple_Relational_Queries\Complex_Relational_Queries.csproj", "{4D0867DC-5FA8-4FC3-852A-A2AAF9CBE391}"
EndProject
Project("{9A19103F-16F7-4668-BE54-9A1E7A4F7556}") = "Sql_Queries", "Sql_Queries\Sql_Queries.csproj", "{B974FEDC-F5B6-4B44-95E4-6CFDA763CF8C}"
EndProject
Project("{FAE04EC0-301F-11D3-BF4B-00C04F79EFBC}") = "View", "View\View.csproj", "{4B396E7B-C995-42B7-85ED-171FFEC22C9F}"
EndProject
Global
	GlobalSection(SolutionConfigurationPlatforms) = preSolution
		Debug|Any CPU = Debug|Any CPU
		Release|Any CPU = Release|Any CPU
	EndGlobalSection
	GlobalSection(ProjectConfigurationPlatforms) = postSolution
		{E81A4C5B-9D3C-46F0-82B3-404624FF3C26}.Debug|Any CPU.ActiveCfg = Debug|Any CPU
		{E81A4C5B-9D3C-46F0-82B3-404624FF3C26}.Debug|Any CPU.Build.0 = Debug|Any CPU
		{E81A4C5B-9D3C-46F0-82B3-404624FF3C26}.Release|Any CPU.ActiveCfg = Release|Any CPU
		{E81A4C5B-9D3C-46F0-82B3-404624FF3C26}.Release|Any CPU.Build.0 = Release|Any CPU
		{7228704B-B4E3-4EE4-9246-01F91CD48074}.Debug|Any CPU.ActiveCfg = Debug|Any CPU
		{7228704B-B4E3-4EE4-9246-01F91CD48074}.Debug|Any CPU.Build.0 = Debug|Any CPU
		{7228704B-B4E3-4EE4-9246-01F91CD48074}.Release|Any CPU.ActiveCfg = Release|Any CPU
		{7228704B-B4E3-4EE4-9246-01F91CD48074}.Release|Any CPU.Build.0 = Release|Any CPU
		{6A30AFA2-E4B1-4BF3-AEC5-C1BF42308AF6}.Debug|Any CPU.ActiveCfg = Debug|Any CPU
		{6A30AFA2-E4B1-4BF3-AEC5-C1BF42308AF6}.Debug|Any CPU.Build.0 = Debug|Any CPU
		{6A30AFA2-E4B1-4BF3-AEC5-C1BF42308AF6}.Release|Any CPU.ActiveCfg = Release|Any CPU
		{6A30AFA2-E4B1-4BF3-AEC5-C1BF42308AF6}.Release|Any CPU.Build.0 = Release|Any CPU
		{8116CCD9-AA68-4D7D-A64E-CAFC316621FE}.Debug|Any CPU.ActiveCfg = Debug|Any CPU
		{8116CCD9-AA68-4D7D-A64E-CAFC316621FE}.Debug|Any CPU.Build.0 = Debug|Any CPU
		{8116CCD9-AA68-4D7D-A64E-CAFC316621FE}.Release|Any CPU.ActiveCfg = Release|Any CPU
		{8116CCD9-AA68-4D7D-A64E-CAFC316621FE}.Release|Any CPU.Build.0 = Release|Any CPU
		{978FF867-7321-409B-B458-B389B7646D82}.Debug|Any CPU.ActiveCfg = Debug|Any CPU
		{978FF867-7321-409B-B458-B389B7646D82}.Debug|Any CPU.Build.0 = Debug|Any CPU
		{978FF867-7321-409B-B458-B389B7646D82}.Release|Any CPU.ActiveCfg = Release|Any CPU
		{978FF867-7321-409B-B458-B389B7646D82}.Release|Any CPU.Build.0 = Release|Any CPU
		{84716C56-5B7D-4CAF-8B88-CE9FB0B08B6C}.Debug|Any CPU.ActiveCfg = Debug|Any CPU
		{84716C56-5B7D-4CAF-8B88-CE9FB0B08B6C}.Debug|Any CPU.Build.0 = Debug|Any CPU
		{84716C56-5B7D-4CAF-8B88-CE9FB0B08B6C}.Release|Any CPU.ActiveCfg = Release|Any CPU
		{84716C56-5B7D-4CAF-8B88-CE9FB0B08B6C}.Release|Any CPU.Build.0 = Release|Any CPU
		{3583A1FD-2C96-4415-B8B7-4DB75EFCB3B6}.Debug|Any CPU.ActiveCfg = Debug|Any CPU
		{3583A1FD-2C96-4415-B8B7-4DB75EFCB3B6}.Debug|Any CPU.Build.0 = Debug|Any CPU
		{3583A1FD-2C96-4415-B8B7-4DB75EFCB3B6}.Release|Any CPU.ActiveCfg = Release|Any CPU
		{3583A1FD-2C96-4415-B8B7-4DB75EFCB3B6}.Release|Any CPU.Build.0 = Release|Any CPU
		{35F17FBC-BB88-4846-88C5-D2924566001E}.Debug|Any CPU.ActiveCfg = Debug|Any CPU
		{35F17FBC-BB88-4846-88C5-D2924566001E}.Debug|Any CPU.Build.0 = Debug|Any CPU
		{35F17FBC-BB88-4846-88C5-D2924566001E}.Release|Any CPU.ActiveCfg = Release|Any CPU
		{35F17FBC-BB88-4846-88C5-D2924566001E}.Release|Any CPU.Build.0 = Release|Any CPU
		{731AD81E-3304-4B56-803B-3BEEBCF748DE}.Debug|Any CPU.ActiveCfg = Debug|Any CPU
		{731AD81E-3304-4B56-803B-3BEEBCF748DE}.Debug|Any CPU.Build.0 = Debug|Any CPU
		{731AD81E-3304-4B56-803B-3BEEBCF748DE}.Release|Any CPU.ActiveCfg = Release|Any CPU
		{731AD81E-3304-4B56-803B-3BEEBCF748DE}.Release|Any CPU.Build.0 = Release|Any CPU
		{BE22EEEF-94A7-40D4-9BE3-54453643E97E}.Debug|Any CPU.ActiveCfg = Debug|Any CPU
		{BE22EEEF-94A7-40D4-9BE3-54453643E97E}.Debug|Any CPU.Build.0 = Debug|Any CPU
		{BE22EEEF-94A7-40D4-9BE3-54453643E97E}.Release|Any CPU.ActiveCfg = Release|Any CPU
		{BE22EEEF-94A7-40D4-9BE3-54453643E97E}.Release|Any CPU.Build.0 = Release|Any CPU
		{B1DC9C23-2D2B-4730-9EB3-AAEF2282BCDB}.Debug|Any CPU.ActiveCfg = Debug|Any CPU
		{B1DC9C23-2D2B-4730-9EB3-AAEF2282BCDB}.Debug|Any CPU.Build.0 = Debug|Any CPU
		{B1DC9C23-2D2B-4730-9EB3-AAEF2282BCDB}.Release|Any CPU.ActiveCfg = Release|Any CPU
		{B1DC9C23-2D2B-4730-9EB3-AAEF2282BCDB}.Release|Any CPU.Build.0 = Release|Any CPU
		{5C70F117-15D0-4EE2-BF13-A8661374567E}.Debug|Any CPU.ActiveCfg = Debug|Any CPU
		{5C70F117-15D0-4EE2-BF13-A8661374567E}.Debug|Any CPU.Build.0 = Debug|Any CPU
		{5C70F117-15D0-4EE2-BF13-A8661374567E}.Release|Any CPU.ActiveCfg = Release|Any CPU
		{5C70F117-15D0-4EE2-BF13-A8661374567E}.Release|Any CPU.Build.0 = Release|Any CPU
		{8FD4A73A-2574-462E-92D6-8A7A0E330A70}.Debug|Any CPU.ActiveCfg = Debug|Any CPU
		{8FD4A73A-2574-462E-92D6-8A7A0E330A70}.Debug|Any CPU.Build.0 = Debug|Any CPU
		{8FD4A73A-2574-462E-92D6-8A7A0E330A70}.Release|Any CPU.ActiveCfg = Release|Any CPU
		{8FD4A73A-2574-462E-92D6-8A7A0E330A70}.Release|Any CPU.Build.0 = Release|Any CPU
		{B15817F3-B811-41CD-9F6F-BB5E90A4E1AB}.Debug|Any CPU.ActiveCfg = Debug|Any CPU
		{B15817F3-B811-41CD-9F6F-BB5E90A4E1AB}.Debug|Any CPU.Build.0 = Debug|Any CPU
		{B15817F3-B811-41CD-9F6F-BB5E90A4E1AB}.Release|Any CPU.ActiveCfg = Release|Any CPU
		{B15817F3-B811-41CD-9F6F-BB5E90A4E1AB}.Release|Any CPU.Build.0 = Release|Any CPU
		{FF176355-D9E1-4A82-B78C-AFD8C46D3CBA}.Debug|Any CPU.ActiveCfg = Debug|Any CPU
		{FF176355-D9E1-4A82-B78C-AFD8C46D3CBA}.Debug|Any CPU.Build.0 = Debug|Any CPU
		{FF176355-D9E1-4A82-B78C-AFD8C46D3CBA}.Release|Any CPU.ActiveCfg = Release|Any CPU
		{FF176355-D9E1-4A82-B78C-AFD8C46D3CBA}.Release|Any CPU.Build.0 = Release|Any CPU
		{44CCBC2C-0765-4589-A96A-3B275EAE380B}.Debug|Any CPU.ActiveCfg = Debug|Any CPU
		{44CCBC2C-0765-4589-A96A-3B275EAE380B}.Debug|Any CPU.Build.0 = Debug|Any CPU
		{44CCBC2C-0765-4589-A96A-3B275EAE380B}.Release|Any CPU.ActiveCfg = Release|Any CPU
		{44CCBC2C-0765-4589-A96A-3B275EAE380B}.Release|Any CPU.Build.0 = Release|Any CPU
		{7E43DA74-882D-4DD1-A3E2-DDC7157160B8}.Debug|Any CPU.ActiveCfg = Debug|Any CPU
		{7E43DA74-882D-4DD1-A3E2-DDC7157160B8}.Debug|Any CPU.Build.0 = Debug|Any CPU
		{7E43DA74-882D-4DD1-A3E2-DDC7157160B8}.Release|Any CPU.ActiveCfg = Release|Any CPU
		{7E43DA74-882D-4DD1-A3E2-DDC7157160B8}.Release|Any CPU.Build.0 = Release|Any CPU
		{C5F18BC0-F0F8-4281-9964-CA52F2AC8C6C}.Debug|Any CPU.ActiveCfg = Debug|Any CPU
		{C5F18BC0-F0F8-4281-9964-CA52F2AC8C6C}.Debug|Any CPU.Build.0 = Debug|Any CPU
		{C5F18BC0-F0F8-4281-9964-CA52F2AC8C6C}.Release|Any CPU.ActiveCfg = Release|Any CPU
		{C5F18BC0-F0F8-4281-9964-CA52F2AC8C6C}.Release|Any CPU.Build.0 = Release|Any CPU
		{993329B0-2C62-4B83-A430-10119B5C9B88}.Debug|Any CPU.ActiveCfg = Debug|Any CPU
		{993329B0-2C62-4B83-A430-10119B5C9B88}.Debug|Any CPU.Build.0 = Debug|Any CPU
		{993329B0-2C62-4B83-A430-10119B5C9B88}.Release|Any CPU.ActiveCfg = Release|Any CPU
		{993329B0-2C62-4B83-A430-10119B5C9B88}.Release|Any CPU.Build.0 = Release|Any CPU
		{1AFCB78D-DF2C-4D04-95DB-49AE2E1C9470}.Debug|Any CPU.ActiveCfg = Debug|Any CPU
		{1AFCB78D-DF2C-4D04-95DB-49AE2E1C9470}.Debug|Any CPU.Build.0 = Debug|Any CPU
		{1AFCB78D-DF2C-4D04-95DB-49AE2E1C9470}.Release|Any CPU.ActiveCfg = Release|Any CPU
		{1AFCB78D-DF2C-4D04-95DB-49AE2E1C9470}.Release|Any CPU.Build.0 = Release|Any CPU
		{6F842390-29E2-4E1E-85C1-671BD8F40A00}.Debug|Any CPU.ActiveCfg = Debug|Any CPU
		{6F842390-29E2-4E1E-85C1-671BD8F40A00}.Debug|Any CPU.Build.0 = Debug|Any CPU
		{6F842390-29E2-4E1E-85C1-671BD8F40A00}.Release|Any CPU.ActiveCfg = Release|Any CPU
		{6F842390-29E2-4E1E-85C1-671BD8F40A00}.Release|Any CPU.Build.0 = Release|Any CPU
		{972202B5-5BC8-48DC-8C80-0A3C5F082029}.Debug|Any CPU.ActiveCfg = Debug|Any CPU
		{972202B5-5BC8-48DC-8C80-0A3C5F082029}.Debug|Any CPU.Build.0 = Debug|Any CPU
		{972202B5-5BC8-48DC-8C80-0A3C5F082029}.Release|Any CPU.ActiveCfg = Release|Any CPU
		{972202B5-5BC8-48DC-8C80-0A3C5F082029}.Release|Any CPU.Build.0 = Release|Any CPU
		{641ACF48-F4D2-4810-BC2E-2738E34F43CE}.Debug|Any CPU.ActiveCfg = Debug|Any CPU
		{641ACF48-F4D2-4810-BC2E-2738E34F43CE}.Debug|Any CPU.Build.0 = Debug|Any CPU
		{641ACF48-F4D2-4810-BC2E-2738E34F43CE}.Release|Any CPU.ActiveCfg = Release|Any CPU
		{641ACF48-F4D2-4810-BC2E-2738E34F43CE}.Release|Any CPU.Build.0 = Release|Any CPU
		{02FBBB78-D456-407A-BDFA-3AE37829C3D9}.Debug|Any CPU.ActiveCfg = Debug|Any CPU
		{02FBBB78-D456-407A-BDFA-3AE37829C3D9}.Debug|Any CPU.Build.0 = Debug|Any CPU
		{02FBBB78-D456-407A-BDFA-3AE37829C3D9}.Release|Any CPU.ActiveCfg = Release|Any CPU
		{02FBBB78-D456-407A-BDFA-3AE37829C3D9}.Release|Any CPU.Build.0 = Release|Any CPU
		{FCE0361A-F8DD-4351-A1F1-C76BF106A64C}.Debug|Any CPU.ActiveCfg = Debug|Any CPU
		{FCE0361A-F8DD-4351-A1F1-C76BF106A64C}.Debug|Any CPU.Build.0 = Debug|Any CPU
		{FCE0361A-F8DD-4351-A1F1-C76BF106A64C}.Release|Any CPU.ActiveCfg = Release|Any CPU
		{FCE0361A-F8DD-4351-A1F1-C76BF106A64C}.Release|Any CPU.Build.0 = Release|Any CPU
		{D33B1B60-C44D-424A-B127-A97A8CB985DC}.Debug|Any CPU.ActiveCfg = Debug|Any CPU
		{D33B1B60-C44D-424A-B127-A97A8CB985DC}.Debug|Any CPU.Build.0 = Debug|Any CPU
		{D33B1B60-C44D-424A-B127-A97A8CB985DC}.Release|Any CPU.ActiveCfg = Release|Any CPU
		{D33B1B60-C44D-424A-B127-A97A8CB985DC}.Release|Any CPU.Build.0 = Release|Any CPU
		{02FCA16A-13DB-40B3-A30A-ED98087CB220}.Debug|Any CPU.ActiveCfg = Debug|Any CPU
		{02FCA16A-13DB-40B3-A30A-ED98087CB220}.Debug|Any CPU.Build.0 = Debug|Any CPU
		{02FCA16A-13DB-40B3-A30A-ED98087CB220}.Release|Any CPU.ActiveCfg = Release|Any CPU
		{02FCA16A-13DB-40B3-A30A-ED98087CB220}.Release|Any CPU.Build.0 = Release|Any CPU
		{E9C4C4A4-8655-4BD3-8BDE-0268D8311A1F}.Debug|Any CPU.ActiveCfg = Debug|Any CPU
		{E9C4C4A4-8655-4BD3-8BDE-0268D8311A1F}.Debug|Any CPU.Build.0 = Debug|Any CPU
		{E9C4C4A4-8655-4BD3-8BDE-0268D8311A1F}.Release|Any CPU.ActiveCfg = Release|Any CPU
		{E9C4C4A4-8655-4BD3-8BDE-0268D8311A1F}.Release|Any CPU.Build.0 = Release|Any CPU
		{2FA94E33-FB93-43D4-B35B-E255FC473FC1}.Debug|Any CPU.ActiveCfg = Debug|Any CPU
		{2FA94E33-FB93-43D4-B35B-E255FC473FC1}.Debug|Any CPU.Build.0 = Debug|Any CPU
		{2FA94E33-FB93-43D4-B35B-E255FC473FC1}.Release|Any CPU.ActiveCfg = Release|Any CPU
		{2FA94E33-FB93-43D4-B35B-E255FC473FC1}.Release|Any CPU.Build.0 = Release|Any CPU
		{4D0867DC-5FA8-4FC3-852A-A2AAF9CBE391}.Debug|Any CPU.ActiveCfg = Debug|Any CPU
		{4D0867DC-5FA8-4FC3-852A-A2AAF9CBE391}.Debug|Any CPU.Build.0 = Debug|Any CPU
		{4D0867DC-5FA8-4FC3-852A-A2AAF9CBE391}.Release|Any CPU.ActiveCfg = Release|Any CPU
		{4D0867DC-5FA8-4FC3-852A-A2AAF9CBE391}.Release|Any CPU.Build.0 = Release|Any CPU
		{B974FEDC-F5B6-4B44-95E4-6CFDA763CF8C}.Debug|Any CPU.ActiveCfg = Debug|Any CPU
		{B974FEDC-F5B6-4B44-95E4-6CFDA763CF8C}.Debug|Any CPU.Build.0 = Debug|Any CPU
		{B974FEDC-F5B6-4B44-95E4-6CFDA763CF8C}.Release|Any CPU.ActiveCfg = Release|Any CPU
		{B974FEDC-F5B6-4B44-95E4-6CFDA763CF8C}.Release|Any CPU.Build.0 = Release|Any CPU
		{4B396E7B-C995-42B7-85ED-171FFEC22C9F}.Debug|Any CPU.ActiveCfg = Debug|Any CPU
		{4B396E7B-C995-42B7-85ED-171FFEC22C9F}.Debug|Any CPU.Build.0 = Debug|Any CPU
		{4B396E7B-C995-42B7-85ED-171FFEC22C9F}.Release|Any CPU.ActiveCfg = Release|Any CPU
		{4B396E7B-C995-42B7-85ED-171FFEC22C9F}.Release|Any CPU.Build.0 = Release|Any CPU
	EndGlobalSection
	GlobalSection(SolutionProperties) = preSolution
		HideSolutionNode = FALSE
	EndGlobalSection
	GlobalSection(ExtensibilityGlobals) = postSolution
		SolutionGuid = {16A514EF-5BF7-46CD-9F7E-1BBBEC9B712F}
	EndGlobalSection
EndGlobal
